
Microsoft Visual Studio Solution File, Format Version 12.00
# Visual Studio 15
VisualStudioVersion = 15.0.27428.2015
MinimumVisualStudioVersion = 10.0.40219.1
Project("{FAE04EC0-301F-11D3-BF4B-00C04F79EFBC}") = "PHPTravelsTestProject", "PHPTravelsTestProject\PHPTravelsTestProject.csproj", "{8BBFB4A2-D126-421B-BC19-DD7135D0CE28}"
EndProject
Global
	GlobalSection(SolutionConfigurationPlatforms) = preSolution
		Debug|Any CPU = Debug|Any CPU
		Release|Any CPU = Release|Any CPU
	EndGlobalSection
	GlobalSection(ProjectConfigurationPlatforms) = postSolution
		{8BBFB4A2-D126-421B-BC19-DD7135D0CE28}.Debug|Any CPU.ActiveCfg = Debug|Any CPU
		{8BBFB4A2-D126-421B-BC19-DD7135D0CE28}.Debug|Any CPU.Build.0 = Debug|Any CPU
		{8BBFB4A2-D126-421B-BC19-DD7135D0CE28}.Release|Any CPU.ActiveCfg = Release|Any CPU
		{8BBFB4A2-D126-421B-BC19-DD7135D0CE28}.Release|Any CPU.Build.0 = Release|Any CPU
	EndGlobalSection
	GlobalSection(SolutionProperties) = preSolution
		HideSolutionNode = FALSE
	EndGlobalSection
	GlobalSection(ExtensibilityGlobals) = postSolution
		SolutionGuid = {7C88A902-75FE-437C-BA6A-20F9960D69BA}
	EndGlobalSection
EndGlobal
